
Microsoft Visual Studio Solution File, Format Version 12.00
# Visual Studio Version 17
VisualStudioVersion = 17.9.34728.123
MinimumVisualStudioVersion = 10.0.40219.1
Project("{2150E333-8FDC-42A3-9474-1A3956D46DE8}") = "Элементы решения", "Элементы решения", "{83ADF65B-D451-40E6-8F9D-5A7B06B2D165}"
	ProjectSection(SolutionItems) = preProject
		calc.css = calc.css
		calc.html = calc.html
		index.html = index.html
		style.css = style.css
	EndProjectSection
EndProject
Global
	GlobalSection(SolutionProperties) = preSolution
		HideSolutionNode = FALSE
	EndGlobalSection
	GlobalSection(ExtensibilityGlobals) = postSolution
		SolutionGuid = {96C0FE80-ADE8-45BB-83A4-B25B611FA1F9}
	EndGlobalSection
EndGlobal
